
Microsoft Visual Studio Solution File, Format Version 12.00
# Visual Studio Version 17
VisualStudioVersion = 17.5.33414.496
MinimumVisualStudioVersion = 10.0.40219.1
Project("{9A19103F-16F7-4668-BE54-9A1E7A4F7556}") = "RabbitMQ.WatermarkApp", "RabbitMQ.WatermarkApp\RabbitMQ.WatermarkApp.csproj", "{C2E5E591-ACE9-409C-B2A1-388305943CA9}"
EndProject
Project("{FAE04EC0-301F-11D3-BF4B-00C04F79EFBC}") = "RabbitMQ.ExcelApp", "RabbitMQ.ExcelApp\RabbitMQ.ExcelApp.csproj", "{B22FD361-39BE-44E0-B959-AD2AC90B1DD6}"
EndProject
Project("{FAE04EC0-301F-11D3-BF4B-00C04F79EFBC}") = "RabbitMQ.ExcelApp.Shared", "RabbitMQ.Shared.ExcelApp\RabbitMQ.ExcelApp.Shared.csproj", "{0433893B-6487-462E-8B7D-EAD3FD0424FB}"
EndProject
Project("{FAE04EC0-301F-11D3-BF4B-00C04F79EFBC}") = "RabbitMQ.ExcelApp.ConsumerWorkerService", "RabbitMQ.ExcelApp.ConsumerWorkerService\RabbitMQ.ExcelApp.ConsumerWorkerService.csproj", "{53319D38-B61A-48DB-8402-F5D54034F859}"
EndProject
Project("{FAE04EC0-301F-11D3-BF4B-00C04F79EFBC}") = "RabbitMQ.WordToPdfApp.Producer", "RabbitMQ.WordToPdfApp.Producer\RabbitMQ.WordToPdfApp.Producer.csproj", "{3DDD815B-DD8B-47A3-906A-ABAA9B347E9F}"
EndProject
Global
	GlobalSection(SolutionConfigurationPlatforms) = preSolution
		Debug|Any CPU = Debug|Any CPU
		Release|Any CPU = Release|Any CPU
	EndGlobalSection
	GlobalSection(ProjectConfigurationPlatforms) = postSolution
		{C2E5E591-ACE9-409C-B2A1-388305943CA9}.Debug|Any CPU.ActiveCfg = Debug|Any CPU
		{C2E5E591-ACE9-409C-B2A1-388305943CA9}.Debug|Any CPU.Build.0 = Debug|Any CPU
		{C2E5E591-ACE9-409C-B2A1-388305943CA9}.Release|Any CPU.ActiveCfg = Release|Any CPU
		{C2E5E591-ACE9-409C-B2A1-388305943CA9}.Release|Any CPU.Build.0 = Release|Any CPU
		{B22FD361-39BE-44E0-B959-AD2AC90B1DD6}.Debug|Any CPU.ActiveCfg = Debug|Any CPU
		{B22FD361-39BE-44E0-B959-AD2AC90B1DD6}.Debug|Any CPU.Build.0 = Debug|Any CPU
		{B22FD361-39BE-44E0-B959-AD2AC90B1DD6}.Release|Any CPU.ActiveCfg = Release|Any CPU
		{B22FD361-39BE-44E0-B959-AD2AC90B1DD6}.Release|Any CPU.Build.0 = Release|Any CPU
		{0433893B-6487-462E-8B7D-EAD3FD0424FB}.Debug|Any CPU.ActiveCfg = Debug|Any CPU
		{0433893B-6487-462E-8B7D-EAD3FD0424FB}.Debug|Any CPU.Build.0 = Debug|Any CPU
		{0433893B-6487-462E-8B7D-EAD3FD0424FB}.Release|Any CPU.ActiveCfg = Release|Any CPU
		{0433893B-6487-462E-8B7D-EAD3FD0424FB}.Release|Any CPU.Build.0 = Release|Any CPU
		{53319D38-B61A-48DB-8402-F5D54034F859}.Debug|Any CPU.ActiveCfg = Debug|Any CPU
		{53319D38-B61A-48DB-8402-F5D54034F859}.Debug|Any CPU.Build.0 = Debug|Any CPU
		{53319D38-B61A-48DB-8402-F5D54034F859}.Release|Any CPU.ActiveCfg = Release|Any CPU
		{53319D38-B61A-48DB-8402-F5D54034F859}.Release|Any CPU.Build.0 = Release|Any CPU
		{3DDD815B-DD8B-47A3-906A-ABAA9B347E9F}.Debug|Any CPU.ActiveCfg = Debug|Any CPU
		{3DDD815B-DD8B-47A3-906A-ABAA9B347E9F}.Debug|Any CPU.Build.0 = Debug|Any CPU
		{3DDD815B-DD8B-47A3-906A-ABAA9B347E9F}.Release|Any CPU.ActiveCfg = Release|Any CPU
		{3DDD815B-DD8B-47A3-906A-ABAA9B347E9F}.Release|Any CPU.Build.0 = Release|Any CPU
	EndGlobalSection
	GlobalSection(SolutionProperties) = preSolution
		HideSolutionNode = FALSE
	EndGlobalSection
	GlobalSection(ExtensibilityGlobals) = postSolution
		SolutionGuid = {638CEC33-00B9-415E-A9C2-F75A4ADD58F4}
	EndGlobalSection
EndGlobal
